
Microsoft Visual Studio Solution File, Format Version 12.00
# Visual Studio Version 16
VisualStudioVersion = 16.0.33927.289
MinimumVisualStudioVersion = 10.0.40219.1
Project("{FAE04EC0-301F-11D3-BF4B-00C04F79EFBC}") = "Movie_App", "Movie_App\Movie_App.csproj", "{133D0271-4BE1-45F8-9DEB-7AFDE93F809D}"
EndProject
Global
	GlobalSection(SolutionConfigurationPlatforms) = preSolution
		Debug|Any CPU = Debug|Any CPU
		Release|Any CPU = Release|Any CPU
	EndGlobalSection
	GlobalSection(ProjectConfigurationPlatforms) = postSolution
		{133D0271-4BE1-45F8-9DEB-7AFDE93F809D}.Debug|Any CPU.ActiveCfg = Debug|Any CPU
		{133D0271-4BE1-45F8-9DEB-7AFDE93F809D}.Debug|Any CPU.Build.0 = Debug|Any CPU
		{133D0271-4BE1-45F8-9DEB-7AFDE93F809D}.Release|Any CPU.ActiveCfg = Release|Any CPU
		{133D0271-4BE1-45F8-9DEB-7AFDE93F809D}.Release|Any CPU.Build.0 = Release|Any CPU
	EndGlobalSection
	GlobalSection(SolutionProperties) = preSolution
		HideSolutionNode = FALSE
	EndGlobalSection
	GlobalSection(ExtensibilityGlobals) = postSolution
		SolutionGuid = {DE4BDCC8-54CD-4F77-9F23-B99E5F7CEAF8}
	EndGlobalSection
EndGlobal
